// !$*UTF8*$!
{
	archiveVersion = 1;
	classes = {
	};
	objectVersion = 50;
	objects = {

/* Begin PBXBuildFile section */
		3F87B82220FB3CEC007A3D64 /* AppDelegate.swift in Sources */ = {isa = PBXBuildFile; fileRef = 3F87B82120FB3CEC007A3D64 /* AppDelegate.swift */; };
		3F87B83B20FB3D65007A3D64 /* Assets.xcassets in Resources */ = {isa = PBXBuildFile; fileRef = 3F87B83920FB3D65007A3D64 /* Assets.xcassets */; };
		3F87B84020FB3D94007A3D64 /* CircleTimer.storyboard in Resources */ = {isa = PBXBuildFile; fileRef = 3F87B83F20FB3D94007A3D64 /* CircleTimer.storyboard */; };
		3F87B84220FB3DB4007A3D64 /* CircleTimerViewController.swift in Sources */ = {isa = PBXBuildFile; fileRef = 3F87B84120FB3DB4007A3D64 /* CircleTimerViewController.swift */; };
		3F87B84520FB3EBE007A3D64 /* CircleTimerView.swift in Sources */ = {isa = PBXBuildFile; fileRef = 3F87B84420FB3EBE007A3D64 /* CircleTimerView.swift */; };
		3F87B84720FB3F55007A3D64 /* UIColor+FlatTimer.swift in Sources */ = {isa = PBXBuildFile; fileRef = 3F87B84620FB3F55007A3D64 /* UIColor+FlatTimer.swift */; };
		3F87B84920FB417E007A3D64 /* LaunchScreen.storyboard in Resources */ = {isa = PBXBuildFile; fileRef = 3F87B84820FB417E007A3D64 /* LaunchScreen.storyboard */; };
		3F87B84D20FB5FF7007A3D64 /* DIContainer.swift in Sources */ = {isa = PBXBuildFile; fileRef = 3F87B84C20FB5FF7007A3D64 /* DIContainer.swift */; };
		3F87B84F20FB602D007A3D64 /* CircleTimerViewModel.swift in Sources */ = {isa = PBXBuildFile; fileRef = 3F87B84E20FB602D007A3D64 /* CircleTimerViewModel.swift */; };
		E15865959A18DC71517AAC5D /* Pods_FlatTimer.framework in Frameworks */ = {isa = PBXBuildFile; fileRef = C92402CF03B075DAF3BF6F5D /* Pods_FlatTimer.framework */; };
/* End PBXBuildFile section */

/* Begin PBXFileReference section */
		0B0CA99BA2CDEA0734A20342 /* Pods-FlatTimer.debug.xcconfig */ = {isa = PBXFileReference; includeInIndex = 1; lastKnownFileType = text.xcconfig; name = "Pods-FlatTimer.debug.xcconfig"; path = "Pods/Target Support Files/Pods-FlatTimer/Pods-FlatTimer.debug.xcconfig"; sourceTree = "<group>"; };
		3F87B81E20FB3CEC007A3D64 /* FlatTimer.app */ = {isa = PBXFileReference; explicitFileType = wrapper.application; includeInIndex = 0; path = FlatTimer.app; sourceTree = BUILT_PRODUCTS_DIR; };
		3F87B82120FB3CEC007A3D64 /* AppDelegate.swift */ = {isa = PBXFileReference; lastKnownFileType = sourcecode.swift; path = AppDelegate.swift; sourceTree = "<group>"; };
		3F87B82D20FB3CEE007A3D64 /* Info.plist */ = {isa = PBXFileReference; lastKnownFileType = text.plist.xml; path = Info.plist; sourceTree = "<group>"; };
		3F87B83920FB3D65007A3D64 /* Assets.xcassets */ = {isa = PBXFileReference; lastKnownFileType = folder.assetcatalog; path = Assets.xcassets; sourceTree = "<group>"; };
		3F87B83F20FB3D94007A3D64 /* CircleTimer.storyboard */ = {isa = PBXFileReference; fileEncoding = 4; lastKnownFileType = file.storyboard; path = CircleTimer.storyboard; sourceTree = "<group>"; };
		3F87B84120FB3DB4007A3D64 /* CircleTimerViewController.swift */ = {isa = PBXFileReference; lastKnownFileType = sourcecode.swift; path = CircleTimerViewController.swift; sourceTree = "<group>"; };
		3F87B84420FB3EBE007A3D64 /* CircleTimerView.swift */ = {isa = PBXFileReference; lastKnownFileType = sourcecode.swift; path = CircleTimerView.swift; sourceTree = "<group>"; };
		3F87B84620FB3F55007A3D64 /* UIColor+FlatTimer.swift */ = {isa = PBXFileReference; lastKnownFileType = sourcecode.swift; path = "UIColor+FlatTimer.swift"; sourceTree = "<group>"; };
		3F87B84820FB417E007A3D64 /* LaunchScreen.storyboard */ = {isa = PBXFileReference; fileEncoding = 4; lastKnownFileType = file.storyboard; path = LaunchScreen.storyboard; sourceTree = "<group>"; };
		3F87B84C20FB5FF7007A3D64 /* DIContainer.swift */ = {isa = PBXFileReference; lastKnownFileType = sourcecode.swift; path = DIContainer.swift; sourceTree = "<group>"; };
		3F87B84E20FB602D007A3D64 /* CircleTimerViewModel.swift */ = {isa = PBXFileReference; lastKnownFileType = sourcecode.swift; path = CircleTimerViewModel.swift; sourceTree = "<group>"; };
		A6A01AF943FA953450DF3688 /* Pods-FlatTimer.release.xcconfig */ = {isa = PBXFileReference; includeInIndex = 1; lastKnownFileType = text.xcconfig; name = "Pods-FlatTimer.release.xcconfig"; path = "Pods/Target Support Files/Pods-FlatTimer/Pods-FlatTimer.release.xcconfig"; sourceTree = "<group>"; };
		C92402CF03B075DAF3BF6F5D /* Pods_FlatTimer.framework */ = {isa = PBXFileReference; explicitFileType = wrapper.framework; includeInIndex = 0; path = Pods_FlatTimer.framework; sourceTree = BUILT_PRODUCTS_DIR; };
/* End PBXFileReference section */

/* Begin PBXFrameworksBuildPhase section */
		3F87B81B20FB3CEC007A3D64 /* Frameworks */ = {
			isa = PBXFrameworksBuildPhase;
			buildActionMask = 2147483647;
			files = (
				E15865959A18DC71517AAC5D /* Pods_FlatTimer.framework in Frameworks */,
			);
			runOnlyForDeploymentPostprocessing = 0;
		};
/* End PBXFrameworksBuildPhase section */

/* Begin PBXGroup section */
		3F87B81520FB3CEC007A3D64 = {
			isa = PBXGroup;
			children = (
				3F87B82020FB3CEC007A3D64 /* FlatTimer */,
				3F87B81F20FB3CEC007A3D64 /* Products */,
				89E45B8E386772BC80770C32 /* Pods */,
				645DB8C86869F730E37B6678 /* Frameworks */,
			);
			sourceTree = "<group>";
		};
		3F87B81F20FB3CEC007A3D64 /* Products */ = {
			isa = PBXGroup;
			children = (
				3F87B81E20FB3CEC007A3D64 /* FlatTimer.app */,
			);
			name = Products;
			sourceTree = "<group>";
		};
		3F87B82020FB3CEC007A3D64 /* FlatTimer */ = {
			isa = PBXGroup;
			children = (
				3F87B83820FB3D65007A3D64 /* Resources */,
				3F87B83620FB3D65007A3D64 /* Utilities */,
				3F87B83320FB3D65007A3D64 /* Views */,
				3F87B82120FB3CEC007A3D64 /* AppDelegate.swift */,
				3F87B84C20FB5FF7007A3D64 /* DIContainer.swift */,
				3F87B82D20FB3CEE007A3D64 /* Info.plist */,
			);
			path = FlatTimer;
			sourceTree = "<group>";
		};
		3F87B83320FB3D65007A3D64 /* Views */ = {
			isa = PBXGroup;
			children = (
				3F87B84320FB3EB1007A3D64 /* Common */,
				3F87B83E20FB3D94007A3D64 /* CircleTimer */,
				3F87B84820FB417E007A3D64 /* LaunchScreen.storyboard */,
			);
			path = Views;
			sourceTree = "<group>";
		};
		3F87B83620FB3D65007A3D64 /* Utilities */ = {
			isa = PBXGroup;
			children = (
				3F87B84620FB3F55007A3D64 /* UIColor+FlatTimer.swift */,
			);
			path = Utilities;
			sourceTree = "<group>";
		};
		3F87B83820FB3D65007A3D64 /* Resources */ = {
			isa = PBXGroup;
			children = (
				3F87B83920FB3D65007A3D64 /* Assets.xcassets */,
			);
			path = Resources;
			sourceTree = "<group>";
		};
		3F87B83E20FB3D94007A3D64 /* CircleTimer */ = {
			isa = PBXGroup;
			children = (
				3F87B83F20FB3D94007A3D64 /* CircleTimer.storyboard */,
				3F87B84120FB3DB4007A3D64 /* CircleTimerViewController.swift */,
				3F87B84E20FB602D007A3D64 /* CircleTimerViewModel.swift */,
			);
			path = CircleTimer;
			sourceTree = "<group>";
		};
		3F87B84320FB3EB1007A3D64 /* Common */ = {
			isa = PBXGroup;
			children = (
				3F87B84420FB3EBE007A3D64 /* CircleTimerView.swift */,
			);
			path = Common;
			sourceTree = "<group>";
		};
		645DB8C86869F730E37B6678 /* Frameworks */ = {
			isa = PBXGroup;
			children = (
				C92402CF03B075DAF3BF6F5D /* Pods_FlatTimer.framework */,
			);
			name = Frameworks;
			sourceTree = "<group>";
		};
		89E45B8E386772BC80770C32 /* Pods */ = {
			isa = PBXGroup;
			children = (
				0B0CA99BA2CDEA0734A20342 /* Pods-FlatTimer.debug.xcconfig */,
				A6A01AF943FA953450DF3688 /* Pods-FlatTimer.release.xcconfig */,
			);
			name = Pods;
			sourceTree = "<group>";
		};
/* End PBXGroup section */

/* Begin PBXNativeTarget section */
		3F87B81D20FB3CEC007A3D64 /* FlatTimer */ = {
			isa = PBXNativeTarget;
			buildConfigurationList = 3F87B83020FB3CEE007A3D64 /* Build configuration list for PBXNativeTarget "FlatTimer" */;
			buildPhases = (
				81820C196B87B6A4730D8679 /* [CP] Check Pods Manifest.lock */,
				3F87B81A20FB3CEC007A3D64 /* Sources */,
				3F87B81B20FB3CEC007A3D64 /* Frameworks */,
				3F87B81C20FB3CEC007A3D64 /* Resources */,
				39F78ACA0C4918E93BC86137 /* [CP] Embed Pods Frameworks */,
			);
			buildRules = (
			);
			dependencies = (
			);
			name = FlatTimer;
			productName = FlatTimer;
			productReference = 3F87B81E20FB3CEC007A3D64 /* FlatTimer.app */;
			productType = "com.apple.product-type.application";
		};
/* End PBXNativeTarget section */

/* Begin PBXProject section */
		3F87B81620FB3CEC007A3D64 /* Project object */ = {
			isa = PBXProject;
			attributes = {
				LastSwiftUpdateCheck = 0940;
				LastUpgradeCheck = 0940;
				ORGANIZATIONNAME = "Jan Borowski";
				TargetAttributes = {
					3F87B81D20FB3CEC007A3D64 = {
						CreatedOnToolsVersion = 9.4;
					};
				};
			};
			buildConfigurationList = 3F87B81920FB3CEC007A3D64 /* Build configuration list for PBXProject "FlatTimer" */;
			compatibilityVersion = "Xcode 9.3";
			developmentRegion = en;
			hasScannedForEncodings = 0;
			knownRegions = (
				en,
				Base,
			);
			mainGroup = 3F87B81520FB3CEC007A3D64;
			productRefGroup = 3F87B81F20FB3CEC007A3D64 /* Products */;
			projectDirPath = "";
			projectRoot = "";
			targets = (
				3F87B81D20FB3CEC007A3D64 /* FlatTimer */,
			);
		};
/* End PBXProject section */

/* Begin PBXResourcesBuildPhase section */
		3F87B81C20FB3CEC007A3D64 /* Resources */ = {
			isa = PBXResourcesBuildPhase;
			buildActionMask = 2147483647;
			files = (
				3F87B84020FB3D94007A3D64 /* CircleTimer.storyboard in Resources */,
				3F87B84920FB417E007A3D64 /* LaunchScreen.storyboard in Resources */,
				3F87B83B20FB3D65007A3D64 /* Assets.xcassets in Resources */,
			);
			runOnlyForDeploymentPostprocessing = 0;
		};
/* End PBXResourcesBuildPhase section */

/* Begin PBXShellScriptBuildPhase section */
		39F78ACA0C4918E93BC86137 /* [CP] Embed Pods Frameworks */ = {
			isa = PBXShellScriptBuildPhase;
			buildActionMask = 2147483647;
			files = (
			);
			inputPaths = (
				"${SRCROOT}/Pods/Target Support Files/Pods-FlatTimer/Pods-FlatTimer-frameworks.sh",
				"${BUILT_PRODUCTS_DIR}/RxCocoa/RxCocoa.framework",
				"${BUILT_PRODUCTS_DIR}/RxSwift/RxSwift.framework",
				"${BUILT_PRODUCTS_DIR}/Swinject/Swinject.framework",
				"${BUILT_PRODUCTS_DIR}/SwinjectStoryboard/SwinjectStoryboard.framework",
			);
			name = "[CP] Embed Pods Frameworks";
			outputPaths = (
				"${TARGET_BUILD_DIR}/${FRAMEWORKS_FOLDER_PATH}/RxCocoa.framework",
				"${TARGET_BUILD_DIR}/${FRAMEWORKS_FOLDER_PATH}/RxSwift.framework",
				"${TARGET_BUILD_DIR}/${FRAMEWORKS_FOLDER_PATH}/Swinject.framework",
				"${TARGET_BUILD_DIR}/${FRAMEWORKS_FOLDER_PATH}/SwinjectStoryboard.framework",
			);
			runOnlyForDeploymentPostprocessing = 0;
			shellPath = /bin/sh;
			shellScript = "\"${SRCROOT}/Pods/Target Support Files/Pods-FlatTimer/Pods-FlatTimer-frameworks.sh\"\n";
			showEnvVarsInLog = 0;
		};
		81820C196B87B6A4730D8679 /* [CP] Check Pods Manifest.lock */ = {
			isa = PBXShellScriptBuildPhase;
			buildActionMask = 2147483647;
			files = (
			);
			inputPaths = (
				"${PODS_PODFILE_DIR_PATH}/Podfile.lock",
				"${PODS_ROOT}/Manifest.lock",
			);
			name = "[CP] Check Pods Manifest.lock";
			outputPaths = (
				"$(DERIVED_FILE_DIR)/Pods-FlatTimer-checkManifestLockResult.txt",
			);
			runOnlyForDeploymentPostprocessing = 0;
			shellPath = /bin/sh;
			shellScript = "diff \"${PODS_PODFILE_DIR_PATH}/Podfile.lock\" \"${PODS_ROOT}/Manifest.lock\" > /dev/null\nif [ $? != 0 ] ; then\n    # print error to STDERR\n    echo \"error: The sandbox is not in sync with the Podfile.lock. Run 'pod install' or update your CocoaPods installation.\" >&2\n    exit 1\nfi\n# This output is used by Xcode 'outputs' to avoid re-running this script phase.\necho \"SUCCESS\" > \"${SCRIPT_OUTPUT_FILE_0}\"\n";
			showEnvVarsInLog = 0;
		};
/* End PBXShellScriptBuildPhase section */

/* Begin PBXSourcesBuildPhase section */
		3F87B81A20FB3CEC007A3D64 /* Sources */ = {
			isa = PBXSourcesBuildPhase;
			buildActionMask = 2147483647;
			files = (
				3F87B84220FB3DB4007A3D64 /* CircleTimerViewController.swift in Sources */,
				3F87B82220FB3CEC007A3D64 /* AppDelegate.swift in Sources */,
				3F87B84D20FB5FF7007A3D64 /* DIContainer.swift in Sources */,
				3F87B84720FB3F55007A3D64 /* UIColor+FlatTimer.swift in Sources */,
				3F87B84F20FB602D007A3D64 /* CircleTimerViewModel.swift in Sources */,
				3F87B84520FB3EBE007A3D64 /* CircleTimerView.swift in Sources */,
			);
			runOnlyForDeploymentPostprocessing = 0;
		};
/* End PBXSourcesBuildPhase section */

/* Begin XCBuildConfiguration section */
		3F87B82E20FB3CEE007A3D64 /* Debug */ = {
			isa = XCBuildConfiguration;
			buildSettings = {
				ALWAYS_SEARCH_USER_PATHS = NO;
				CLANG_ANALYZER_NONNULL = YES;
				CLANG_ANALYZER_NUMBER_OBJECT_CONVERSION = YES_AGGRESSIVE;
				CLANG_CXX_LANGUAGE_STANDARD = "gnu++14";
				CLANG_CXX_LIBRARY = "libc++";
				CLANG_ENABLE_MODULES = YES;
				CLANG_ENABLE_OBJC_ARC = YES;
				CLANG_ENABLE_OBJC_WEAK = YES;
				CLANG_WARN_BLOCK_CAPTURE_AUTORELEASING = YES;
				CLANG_WARN_BOOL_CONVERSION = YES;
				CLANG_WARN_COMMA = YES;
				CLANG_WARN_CONSTANT_CONVERSION = YES;
				CLANG_WARN_DEPRECATED_OBJC_IMPLEMENTATIONS = YES;
				CLANG_WARN_DIRECT_OBJC_ISA_USAGE = YES_ERROR;
				CLANG_WARN_DOCUMENTATION_COMMENTS = YES;
				CLANG_WARN_EMPTY_BODY = YES;
				CLANG_WARN_ENUM_CONVERSION = YES;
				CLANG_WARN_INFINITE_RECURSION = YES;
				CLANG_WARN_INT_CONVERSION = YES;
				CLANG_WARN_NON_LITERAL_NULL_CONVERSION = YES;
				CLANG_WARN_OBJC_IMPLICIT_RETAIN_SELF = YES;
				CLANG_WARN_OBJC_LITERAL_CONVERSION = YES;
				CLANG_WARN_OBJC_ROOT_CLASS = YES_ERROR;
				CLANG_WARN_RANGE_LOOP_ANALYSIS = YES;
				CLANG_WARN_STRICT_PROTOTYPES = YES;
				CLANG_WARN_SUSPICIOUS_MOVE = YES;
				CLANG_WARN_UNGUARDED_AVAILABILITY = YES_AGGRESSIVE;
				CLANG_WARN_UNREACHABLE_CODE = YES;
				CLANG_WARN__DUPLICATE_METHOD_MATCH = YES;
				CODE_SIGN_IDENTITY = "iPhone Developer";
				COPY_PHASE_STRIP = NO;
				DEBUG_INFORMATION_FORMAT = dwarf;
				ENABLE_STRICT_OBJC_MSGSEND = YES;
				ENABLE_TESTABILITY = YES;
				GCC_C_LANGUAGE_STANDARD = gnu11;
				GCC_DYNAMIC_NO_PIC = NO;
				GCC_NO_COMMON_BLOCKS = YES;
				GCC_OPTIMIZATION_LEVEL = 0;
				GCC_PREPROCESSOR_DEFINITIONS = (
					"DEBUG=1",
					"$(inherited)",
				);
				GCC_WARN_64_TO_32_BIT_CONVERSION = YES;
				GCC_WARN_ABOUT_RETURN_TYPE = YES_ERROR;
				GCC_WARN_UNDECLARED_SELECTOR = YES;
				GCC_WARN_UNINITIALIZED_AUTOS = YES_AGGRESSIVE;
				GCC_WARN_UNUSED_FUNCTION = YES;
				GCC_WARN_UNUSED_VARIABLE = YES;
				IPHONEOS_DEPLOYMENT_TARGET = 10.0;
				MTL_ENABLE_DEBUG_INFO = YES;
				ONLY_ACTIVE_ARCH = YES;
				SDKROOT = iphoneos;
				SWIFT_ACTIVE_COMPILATION_CONDITIONS = DEBUG;
				SWIFT_OPTIMIZATION_LEVEL = "-Onone";
			};
			name = Debug;
		};
		3F87B82F20FB3CEE007A3D64 /* Release */ = {
			isa = XCBuildConfiguration;
			buildSettings = {
				ALWAYS_SEARCH_USER_PATHS = NO;
				CLANG_ANALYZER_NONNULL = YES;
				CLANG_ANALYZER_NUMBER_OBJECT_CONVERSION = YES_AGGRESSIVE;
				CLANG_CXX_LANGUAGE_STANDARD = "gnu++14";
				CLANG_CXX_LIBRARY = "libc++";
				CLANG_ENABLE_MODULES = YES;
				CLANG_ENABLE_OBJC_ARC = YES;
				CLANG_ENABLE_OBJC_WEAK = YES;
				CLANG_WARN_BLOCK_CAPTURE_AUTORELEASING = YES;
				CLANG_WARN_BOOL_CONVERSION = YES;
				CLANG_WARN_COMMA = YES;
				CLANG_WARN_CONSTANT_CONVERSION = YES;
				CLANG_WARN_DEPRECATED_OBJC_IMPLEMENTATIONS = YES;
				CLANG_WARN_DIRECT_OBJC_ISA_USAGE = YES_ERROR;
				CLANG_WARN_DOCUMENTATION_COMMENTS = YES;
				CLANG_WARN_EMPTY_BODY = YES;
				CLANG_WARN_ENUM_CONVERSION = YES;
				CLANG_WARN_INFINITE_RECURSION = YES;
				CLANG_WARN_INT_CONVERSION = YES;
				CLANG_WARN_NON_LITERAL_NULL_CONVERSION = YES;
				CLANG_WARN_OBJC_IMPLICIT_RETAIN_SELF = YES;
				CLANG_WARN_OBJC_LITERAL_CONVERSION = YES;
				CLANG_WARN_OBJC_ROOT_CLASS = YES_ERROR;
				CLANG_WARN_RANGE_LOOP_ANALYSIS = YES;
				CLANG_WARN_STRICT_PROTOTYPES = YES;
				CLANG_WARN_SUSPICIOUS_MOVE = YES;
				CLANG_WARN_UNGUARDED_AVAILABILITY = YES_AGGRESSIVE;
				CLANG_WARN_UNREACHABLE_CODE = YES;
				CLANG_WARN__DUPLICATE_METHOD_MATCH = YES;
				CODE_SIGN_IDENTITY = "iPhone Developer";
				COPY_PHASE_STRIP = NO;
				DEBUG_INFORMATION_FORMAT = "dwarf-with-dsym";
				ENABLE_NS_ASSERTIONS = NO;
				ENABLE_STRICT_OBJC_MSGSEND = YES;
				GCC_C_LANGUAGE_STANDARD = gnu11;
				GCC_NO_COMMON_BLOCKS = YES;
				GCC_WARN_64_TO_32_BIT_CONVERSION = YES;
				GCC_WARN_ABOUT_RETURN_TYPE = YES_ERROR;
				GCC_WARN_UNDECLARED_SELECTOR = YES;
				GCC_WARN_UNINITIALIZED_AUTOS = YES_AGGRESSIVE;
				GCC_WARN_UNUSED_FUNCTION = YES;
				GCC_WARN_UNUSED_VARIABLE = YES;
				IPHONEOS_DEPLOYMENT_TARGET = 10.0;
				MTL_ENABLE_DEBUG_INFO = NO;
				SDKROOT = iphoneos;
				SWIFT_COMPILATION_MODE = wholemodule;
				SWIFT_OPTIMIZATION_LEVEL = "-O";
				VALIDATE_PRODUCT = YES;
			};
			name = Release;
		};
		3F87B83120FB3CEE007A3D64 /* Debug */ = {
			isa = XCBuildConfiguration;
			baseConfigurationReference = 0B0CA99BA2CDEA0734A20342 /* Pods-FlatTimer.debug.xcconfig */;
			buildSettings = {
				ASSETCATALOG_COMPILER_APPICON_NAME = AppIcon;
				CODE_SIGN_STYLE = Manual;
				DEVELOPMENT_TEAM = "";
				INFOPLIST_FILE = FlatTimer/Info.plist;
				LD_RUNPATH_SEARCH_PATHS = (
					"$(inherited)",
					"@executable_path/Frameworks",
				);
				PRODUCT_BUNDLE_IDENTIFIER = com.borowskijan.FlatTimer;
				PRODUCT_NAME = "$(TARGET_NAME)";
				PROVISIONING_PROFILE_SPECIFIER = "";
				SWIFT_VERSION = 4.0;
				TARGETED_DEVICE_FAMILY = "1,2";
			};
			name = Debug;
		};
		3F87B83220FB3CEE007A3D64 /* Release */ = {
			isa = XCBuildConfiguration;
			baseConfigurationReference = A6A01AF943FA953450DF3688 /* Pods-FlatTimer.release.xcconfig */;
			buildSettings = {
				ASSETCATALOG_COMPILER_APPICON_NAME = AppIcon;
				CODE_SIGN_STYLE = Manual;
				DEVELOPMENT_TEAM = "";
				INFOPLIST_FILE = FlatTimer/Info.plist;
				LD_RUNPATH_SEARCH_PATHS = (
					"$(inherited)",
					"@executable_path/Frameworks",
				);
				PRODUCT_BUNDLE_IDENTIFIER = com.borowskijan.FlatTimer;
				PRODUCT_NAME = "$(TARGET_NAME)";
				PROVISIONING_PROFILE_SPECIFIER = "";
				SWIFT_VERSION = 4.0;
				TARGETED_DEVICE_FAMILY = "1,2";
			};
			name = Release;
		};
/* End XCBuildConfiguration section */

/* Begin XCConfigurationList section */
		3F87B81920FB3CEC007A3D64 /* Build configuration list for PBXProject "FlatTimer" */ = {
			isa = XCConfigurationList;
			buildConfigurations = (
				3F87B82E20FB3CEE007A3D64 /* Debug */,
				3F87B82F20FB3CEE007A3D64 /* Release */,
			);
			defaultConfigurationIsVisible = 0;
			defaultConfigurationName = Release;
		};
		3F87B83020FB3CEE007A3D64 /* Build configuration list for PBXNativeTarget "FlatTimer" */ = {
			isa = XCConfigurationList;
			buildConfigurations = (
				3F87B83120FB3CEE007A3D64 /* Debug */,
				3F87B83220FB3CEE007A3D64 /* Release */,
			);
			defaultConfigurationIsVisible = 0;
			defaultConfigurationName = Release;
		};
/* End XCConfigurationList section */
	};
	rootObject = 3F87B81620FB3CEC007A3D64 /* Project object */;
}
